
Microsoft Visual Studio Solution File, Format Version 12.00
# Visual Studio Version 17
VisualStudioVersion = 17.11.35327.3
MinimumVisualStudioVersion = 10.0.40219.1
Project("{9A19103F-16F7-4668-BE54-9A1E7A4F7556}") = "InteractiveWebassembly", "InteractiveWebassembly\InteractiveWebassembly\InteractiveWebassembly.csproj", "{7EE30739-9C9E-4384-868E-497A51D9973C}"
EndProject
Project("{9A19103F-16F7-4668-BE54-9A1E7A4F7556}") = "InteractiveWebassembly.Client", "InteractiveWebassembly\InteractiveWebassembly.Client\InteractiveWebassembly.Client.csproj", "{FB41EF8E-8504-4B4A-AA25-2B605B1419C5}"
EndProject
Global
	GlobalSection(SolutionConfigurationPlatforms) = preSolution
		Debug|Any CPU = Debug|Any CPU
		Release|Any CPU = Release|Any CPU
	EndGlobalSection
	GlobalSection(ProjectConfigurationPlatforms) = postSolution
		{7EE30739-9C9E-4384-868E-497A51D9973C}.Debug|Any CPU.ActiveCfg = Debug|Any CPU
		{7EE30739-9C9E-4384-868E-497A51D9973C}.Debug|Any CPU.Build.0 = Debug|Any CPU
		{7EE30739-9C9E-4384-868E-497A51D9973C}.Release|Any CPU.ActiveCfg = Release|Any CPU
		{7EE30739-9C9E-4384-868E-497A51D9973C}.Release|Any CPU.Build.0 = Release|Any CPU
		{FB41EF8E-8504-4B4A-AA25-2B605B1419C5}.Debug|Any CPU.ActiveCfg = Debug|Any CPU
		{FB41EF8E-8504-4B4A-AA25-2B605B1419C5}.Debug|Any CPU.Build.0 = Debug|Any CPU
		{FB41EF8E-8504-4B4A-AA25-2B605B1419C5}.Release|Any CPU.ActiveCfg = Release|Any CPU
		{FB41EF8E-8504-4B4A-AA25-2B605B1419C5}.Release|Any CPU.Build.0 = Release|Any CPU
	EndGlobalSection
	GlobalSection(SolutionProperties) = preSolution
		HideSolutionNode = FALSE
	EndGlobalSection
	GlobalSection(ExtensibilityGlobals) = postSolution
		SolutionGuid = {13AF5D72-CE55-49FD-9C31-83DD7986EBFF}
	EndGlobalSection
EndGlobal
